
Microsoft Visual Studio Solution File, Format Version 12.00
# Visual Studio Version 17
VisualStudioVersion = 17.12.35527.113
MinimumVisualStudioVersion = 10.0.40219.1
Project("{FAE04EC0-301F-11D3-BF4B-00C04F79EFBC}") = "WpfApp1", "WpfApp1\WpfApp1.csproj", "{3EFC5CC8-0AF2-4C87-95AA-3B7755F9C563}"
EndProject
Project("{FAE04EC0-301F-11D3-BF4B-00C04F79EFBC}") = "UnitTestProject1", "UnitTestProject1\UnitTestProject1.csproj", "{FE7F31C1-D9E8-471E-A33B-C4214F3AC506}"
EndProject
Global
	GlobalSection(SolutionConfigurationPlatforms) = preSolution
		Debug|Any CPU = Debug|Any CPU
		Release|Any CPU = Release|Any CPU
	EndGlobalSection
	GlobalSection(ProjectConfigurationPlatforms) = postSolution
		{3EFC5CC8-0AF2-4C87-95AA-3B7755F9C563}.Debug|Any CPU.ActiveCfg = Debug|Any CPU
		{3EFC5CC8-0AF2-4C87-95AA-3B7755F9C563}.Debug|Any CPU.Build.0 = Debug|Any CPU
		{3EFC5CC8-0AF2-4C87-95AA-3B7755F9C563}.Release|Any CPU.ActiveCfg = Release|Any CPU
		{3EFC5CC8-0AF2-4C87-95AA-3B7755F9C563}.Release|Any CPU.Build.0 = Release|Any CPU
		{FE7F31C1-D9E8-471E-A33B-C4214F3AC506}.Debug|Any CPU.ActiveCfg = Debug|Any CPU
		{FE7F31C1-D9E8-471E-A33B-C4214F3AC506}.Debug|Any CPU.Build.0 = Debug|Any CPU
		{FE7F31C1-D9E8-471E-A33B-C4214F3AC506}.Release|Any CPU.ActiveCfg = Release|Any CPU
		{FE7F31C1-D9E8-471E-A33B-C4214F3AC506}.Release|Any CPU.Build.0 = Release|Any CPU
	EndGlobalSection
	GlobalSection(SolutionProperties) = preSolution
		HideSolutionNode = FALSE
	EndGlobalSection
EndGlobal
